
Microsoft Visual Studio Solution File, Format Version 12.00
# Visual Studio Version 17
VisualStudioVersion = 17.8.34511.84
MinimumVisualStudioVersion = 10.0.40219.1
Project("{FAE04EC0-301F-11D3-BF4B-00C04F79EFBC}") = "UserManagement.Application", "UserManagement.Application\UserManagement.Application.csproj", "{F4823497-16E9-49E6-9766-A6B43076B47B}"
EndProject
Project("{FAE04EC0-301F-11D3-BF4B-00C04F79EFBC}") = "UserManagement.BusinessLogic", "..\UserManagment.BusinessLogic\UserManagement.BusinessLogic.csproj", "{8EB5457A-CE48-4F7B-B67D-B51698C9A5F0}"
EndProject
Project("{FAE04EC0-301F-11D3-BF4B-00C04F79EFBC}") = "UserManagement.EntityFrameworkCore", "..\UserManagment.EntityFrameworkCore\UserManagement.EntityFrameworkCore.csproj", "{F5A09284-EDAF-44C4-9692-2056030A350E}"
EndProject
Global
	GlobalSection(SolutionConfigurationPlatforms) = preSolution
		Debug|Any CPU = Debug|Any CPU
		Release|Any CPU = Release|Any CPU
	EndGlobalSection
	GlobalSection(ProjectConfigurationPlatforms) = postSolution
		{F4823497-16E9-49E6-9766-A6B43076B47B}.Debug|Any CPU.ActiveCfg = Debug|Any CPU
		{F4823497-16E9-49E6-9766-A6B43076B47B}.Debug|Any CPU.Build.0 = Debug|Any CPU
		{F4823497-16E9-49E6-9766-A6B43076B47B}.Release|Any CPU.ActiveCfg = Release|Any CPU
		{F4823497-16E9-49E6-9766-A6B43076B47B}.Release|Any CPU.Build.0 = Release|Any CPU
		{8EB5457A-CE48-4F7B-B67D-B51698C9A5F0}.Debug|Any CPU.ActiveCfg = Debug|Any CPU
		{8EB5457A-CE48-4F7B-B67D-B51698C9A5F0}.Debug|Any CPU.Build.0 = Debug|Any CPU
		{8EB5457A-CE48-4F7B-B67D-B51698C9A5F0}.Release|Any CPU.ActiveCfg = Release|Any CPU
		{8EB5457A-CE48-4F7B-B67D-B51698C9A5F0}.Release|Any CPU.Build.0 = Release|Any CPU
		{F5A09284-EDAF-44C4-9692-2056030A350E}.Debug|Any CPU.ActiveCfg = Debug|Any CPU
		{F5A09284-EDAF-44C4-9692-2056030A350E}.Debug|Any CPU.Build.0 = Debug|Any CPU
		{F5A09284-EDAF-44C4-9692-2056030A350E}.Release|Any CPU.ActiveCfg = Release|Any CPU
		{F5A09284-EDAF-44C4-9692-2056030A350E}.Release|Any CPU.Build.0 = Release|Any CPU
	EndGlobalSection
	GlobalSection(SolutionProperties) = preSolution
		HideSolutionNode = FALSE
	EndGlobalSection
	GlobalSection(ExtensibilityGlobals) = postSolution
		SolutionGuid = {40E94208-3926-477C-97DD-BA5E36BED984}
	EndGlobalSection
EndGlobal
